
Microsoft Visual Studio Solution File, Format Version 12.00
# Visual Studio 14
VisualStudioVersion = 14.0.23107.0
MinimumVisualStudioVersion = 10.0.40219.1
Project("{FAE04EC0-301F-11D3-BF4B-00C04F79EFBC}") = "wpf-practice", "wpf-practice\wpf-practice.csproj", "{00A91335-AB33-4367-938C-280AAF13E845}"
EndProject
Project("{FAE04EC0-301F-11D3-BF4B-00C04F79EFBC}") = "web-service", "web-service\web-service.csproj", "{AE985A56-3C49-4D97-A898-69AF6AE56298}"
EndProject
Project("{FAE04EC0-301F-11D3-BF4B-00C04F79EFBC}") = "common", "Common\common.csproj", "{474FB5BA-87C4-4954-90F1-898B7844FFD1}"
EndProject
Global
	GlobalSection(SolutionConfigurationPlatforms) = preSolution
		Debug|Any CPU = Debug|Any CPU
		Release|Any CPU = Release|Any CPU
	EndGlobalSection
	GlobalSection(ProjectConfigurationPlatforms) = postSolution
		{00A91335-AB33-4367-938C-280AAF13E845}.Debug|Any CPU.ActiveCfg = Debug|Any CPU
		{00A91335-AB33-4367-938C-280AAF13E845}.Debug|Any CPU.Build.0 = Debug|Any CPU
		{00A91335-AB33-4367-938C-280AAF13E845}.Release|Any CPU.ActiveCfg = Release|Any CPU
		{00A91335-AB33-4367-938C-280AAF13E845}.Release|Any CPU.Build.0 = Release|Any CPU
		{AE985A56-3C49-4D97-A898-69AF6AE56298}.Debug|Any CPU.ActiveCfg = Debug|Any CPU
		{AE985A56-3C49-4D97-A898-69AF6AE56298}.Debug|Any CPU.Build.0 = Debug|Any CPU
		{AE985A56-3C49-4D97-A898-69AF6AE56298}.Release|Any CPU.ActiveCfg = Release|Any CPU
		{AE985A56-3C49-4D97-A898-69AF6AE56298}.Release|Any CPU.Build.0 = Release|Any CPU
		{474FB5BA-87C4-4954-90F1-898B7844FFD1}.Debug|Any CPU.ActiveCfg = Debug|Any CPU
		{474FB5BA-87C4-4954-90F1-898B7844FFD1}.Debug|Any CPU.Build.0 = Debug|Any CPU
		{474FB5BA-87C4-4954-90F1-898B7844FFD1}.Release|Any CPU.ActiveCfg = Release|Any CPU
		{474FB5BA-87C4-4954-90F1-898B7844FFD1}.Release|Any CPU.Build.0 = Release|Any CPU
	EndGlobalSection
	GlobalSection(SolutionProperties) = preSolution
		HideSolutionNode = FALSE
	EndGlobalSection
	GlobalSection(ExtensibilityGlobals) = postSolution
		SolutionGuid = {3C8FC249-BEE5-4C61-95C8-E6A72D861704}
	EndGlobalSection
EndGlobal
